// !$*UTF8*$!
{
	archiveVersion = 1;
	classes = {
	};
	objectVersion = 56;
	objects = {

/* Begin PBXBuildFile section */
		911C86E12938C3F4006C1E55 /* main.cpp in Sources */ = {isa = PBXBuildFile; fileRef = 911C86E02938C3F4006C1E55 /* main.cpp */; };
		91D3C2A2293A031D001086C9 /* day_two.cpp in Sources */ = {isa = PBXBuildFile; fileRef = 91D3C2A0293A031D001086C9 /* day_two.cpp */; };
		91D3C2A6293B7F68001086C9 /* day_three.cpp in Sources */ = {isa = PBXBuildFile; fileRef = 91D3C2A4293B7F68001086C9 /* day_three.cpp */; };
		91E107292938C73A00D6ED28 /* day_one.cpp in Sources */ = {isa = PBXBuildFile; fileRef = 91E107272938C73A00D6ED28 /* day_one.cpp */; };
/* End PBXBuildFile section */

/* Begin PBXCopyFilesBuildPhase section */
		911C86DB2938C3F4006C1E55 /* CopyFiles */ = {
			isa = PBXCopyFilesBuildPhase;
			buildActionMask = 2147483647;
			dstPath = /usr/share/man/man1/;
			dstSubfolderSpec = 0;
			files = (
			);
			runOnlyForDeploymentPostprocessing = 1;
		};
/* End PBXCopyFilesBuildPhase section */

/* Begin PBXFileReference section */
		911C86DD2938C3F4006C1E55 /* advent_of_code_2022_cpp */ = {isa = PBXFileReference; explicitFileType = "compiled.mach-o.executable"; includeInIndex = 0; path = advent_of_code_2022_cpp; sourceTree = BUILT_PRODUCTS_DIR; };
		911C86E02938C3F4006C1E55 /* main.cpp */ = {isa = PBXFileReference; lastKnownFileType = sourcecode.cpp.cpp; path = main.cpp; sourceTree = "<group>"; };
		91D3C2A0293A031D001086C9 /* day_two.cpp */ = {isa = PBXFileReference; lastKnownFileType = sourcecode.cpp.cpp; path = day_two.cpp; sourceTree = "<group>"; };
		91D3C2A1293A031D001086C9 /* day_two.hpp */ = {isa = PBXFileReference; lastKnownFileType = sourcecode.cpp.h; path = day_two.hpp; sourceTree = "<group>"; };
		91D3C2A3293A0350001086C9 /* day_two.txt */ = {isa = PBXFileReference; lastKnownFileType = text; path = day_two.txt; sourceTree = "<group>"; };
		91D3C2A4293B7F68001086C9 /* day_three.cpp */ = {isa = PBXFileReference; lastKnownFileType = sourcecode.cpp.cpp; path = day_three.cpp; sourceTree = "<group>"; };
		91D3C2A5293B7F68001086C9 /* day_three.hpp */ = {isa = PBXFileReference; lastKnownFileType = sourcecode.cpp.h; path = day_three.hpp; sourceTree = "<group>"; };
		91D3C2A7293B91A1001086C9 /* day_three.txt */ = {isa = PBXFileReference; lastKnownFileType = text; path = day_three.txt; sourceTree = "<group>"; };
		91E107262938C5C100D6ED28 /* input.txt */ = {isa = PBXFileReference; fileEncoding = 4; lastKnownFileType = text; path = input.txt; sourceTree = "<group>"; };
		91E107272938C73A00D6ED28 /* day_one.cpp */ = {isa = PBXFileReference; lastKnownFileType = sourcecode.cpp.cpp; path = day_one.cpp; sourceTree = "<group>"; };
		91E107282938C73A00D6ED28 /* day_one.hpp */ = {isa = PBXFileReference; lastKnownFileType = sourcecode.cpp.h; path = day_one.hpp; sourceTree = "<group>"; };
/* End PBXFileReference section */

/* Begin PBXFrameworksBuildPhase section */
		911C86DA2938C3F4006C1E55 /* Frameworks */ = {
			isa = PBXFrameworksBuildPhase;
			buildActionMask = 2147483647;
			files = (
			);
			runOnlyForDeploymentPostprocessing = 0;
		};
/* End PBXFrameworksBuildPhase section */

/* Begin PBXGroup section */
		911C86D42938C3F4006C1E55 = {
			isa = PBXGroup;
			children = (
				911C86DF2938C3F4006C1E55 /* advent_of_code_2022_cpp */,
				911C86DE2938C3F4006C1E55 /* Products */,
			);
			sourceTree = "<group>";
		};
		911C86DE2938C3F4006C1E55 /* Products */ = {
			isa = PBXGroup;
			children = (
				911C86DD2938C3F4006C1E55 /* advent_of_code_2022_cpp */,
			);
			name = Products;
			sourceTree = "<group>";
		};
		911C86DF2938C3F4006C1E55 /* advent_of_code_2022_cpp */ = {
			isa = PBXGroup;
			children = (
				91E107262938C5C100D6ED28 /* input.txt */,
				911C86E02938C3F4006C1E55 /* main.cpp */,
				91E107272938C73A00D6ED28 /* day_one.cpp */,
				91E107282938C73A00D6ED28 /* day_one.hpp */,
				91D3C2A0293A031D001086C9 /* day_two.cpp */,
				91D3C2A1293A031D001086C9 /* day_two.hpp */,
				91D3C2A3293A0350001086C9 /* day_two.txt */,
				91D3C2A4293B7F68001086C9 /* day_three.cpp */,
				91D3C2A5293B7F68001086C9 /* day_three.hpp */,
				91D3C2A7293B91A1001086C9 /* day_three.txt */,
			);
			path = advent_of_code_2022_cpp;
			sourceTree = "<group>";
		};
/* End PBXGroup section */

/* Begin PBXNativeTarget section */
		911C86DC2938C3F4006C1E55 /* advent_of_code_2022_cpp */ = {
			isa = PBXNativeTarget;
			buildConfigurationList = 911C86E42938C3F4006C1E55 /* Build configuration list for PBXNativeTarget "advent_of_code_2022_cpp" */;
			buildPhases = (
				911C86D92938C3F4006C1E55 /* Sources */,
				911C86DA2938C3F4006C1E55 /* Frameworks */,
				911C86DB2938C3F4006C1E55 /* CopyFiles */,
			);
			buildRules = (
			);
			dependencies = (
			);
			name = advent_of_code_2022_cpp;
			productName = advent_of_code_2022_cpp;
			productReference = 911C86DD2938C3F4006C1E55 /* advent_of_code_2022_cpp */;
			productType = "com.apple.product-type.tool";
		};
/* End PBXNativeTarget section */

/* Begin PBXProject section */
		911C86D52938C3F4006C1E55 /* Project object */ = {
			isa = PBXProject;
			attributes = {
				BuildIndependentTargetsInParallel = 1;
				LastUpgradeCheck = 1410;
				TargetAttributes = {
					911C86DC2938C3F4006C1E55 = {
						CreatedOnToolsVersion = 14.1;
					};
				};
			};
			buildConfigurationList = 911C86D82938C3F4006C1E55 /* Build configuration list for PBXProject "advent_of_code_2022_cpp" */;
			compatibilityVersion = "Xcode 14.0";
			developmentRegion = en;
			hasScannedForEncodings = 0;
			knownRegions = (
				en,
				Base,
			);
			mainGroup = 911C86D42938C3F4006C1E55;
			productRefGroup = 911C86DE2938C3F4006C1E55 /* Products */;
			projectDirPath = "";
			projectRoot = "";
			targets = (
				911C86DC2938C3F4006C1E55 /* advent_of_code_2022_cpp */,
			);
		};
/* End PBXProject section */

/* Begin PBXSourcesBuildPhase section */
		911C86D92938C3F4006C1E55 /* Sources */ = {
			isa = PBXSourcesBuildPhase;
			buildActionMask = 2147483647;
			files = (
				91D3C2A2293A031D001086C9 /* day_two.cpp in Sources */,
				911C86E12938C3F4006C1E55 /* main.cpp in Sources */,
				91E107292938C73A00D6ED28 /* day_one.cpp in Sources */,
				91D3C2A6293B7F68001086C9 /* day_three.cpp in Sources */,
			);
			runOnlyForDeploymentPostprocessing = 0;
		};
/* End PBXSourcesBuildPhase section */

/* Begin XCBuildConfiguration section */
		911C86E22938C3F4006C1E55 /* Debug */ = {
			isa = XCBuildConfiguration;
			buildSettings = {
				ALWAYS_SEARCH_USER_PATHS = NO;
				CLANG_ANALYZER_NONNULL = YES;
				CLANG_ANALYZER_NUMBER_OBJECT_CONVERSION = YES_AGGRESSIVE;
				CLANG_CXX_LANGUAGE_STANDARD = "gnu++20";
				CLANG_ENABLE_MODULES = YES;
				CLANG_ENABLE_OBJC_ARC = YES;
				CLANG_ENABLE_OBJC_WEAK = YES;
				CLANG_WARN_BLOCK_CAPTURE_AUTORELEASING = YES;
				CLANG_WARN_BOOL_CONVERSION = YES;
				CLANG_WARN_COMMA = YES;
				CLANG_WARN_CONSTANT_CONVERSION = YES;
				CLANG_WARN_DEPRECATED_OBJC_IMPLEMENTATIONS = YES;
				CLANG_WARN_DIRECT_OBJC_ISA_USAGE = YES_ERROR;
				CLANG_WARN_DOCUMENTATION_COMMENTS = YES;
				CLANG_WARN_EMPTY_BODY = YES;
				CLANG_WARN_ENUM_CONVERSION = YES;
				CLANG_WARN_INFINITE_RECURSION = YES;
				CLANG_WARN_INT_CONVERSION = YES;
				CLANG_WARN_NON_LITERAL_NULL_CONVERSION = YES;
				CLANG_WARN_OBJC_IMPLICIT_RETAIN_SELF = YES;
				CLANG_WARN_OBJC_LITERAL_CONVERSION = YES;
				CLANG_WARN_OBJC_ROOT_CLASS = YES_ERROR;
				CLANG_WARN_QUOTED_INCLUDE_IN_FRAMEWORK_HEADER = YES;
				CLANG_WARN_RANGE_LOOP_ANALYSIS = YES;
				CLANG_WARN_STRICT_PROTOTYPES = YES;
				CLANG_WARN_SUSPICIOUS_MOVE = YES;
				CLANG_WARN_UNGUARDED_AVAILABILITY = YES_AGGRESSIVE;
				CLANG_WARN_UNREACHABLE_CODE = YES;
				CLANG_WARN__DUPLICATE_METHOD_MATCH = YES;
				COPY_PHASE_STRIP = NO;
				DEBUG_INFORMATION_FORMAT = dwarf;
				ENABLE_STRICT_OBJC_MSGSEND = YES;
				ENABLE_TESTABILITY = YES;
				GCC_C_LANGUAGE_STANDARD = gnu11;
				GCC_DYNAMIC_NO_PIC = NO;
				GCC_NO_COMMON_BLOCKS = YES;
				GCC_OPTIMIZATION_LEVEL = 0;
				GCC_PREPROCESSOR_DEFINITIONS = (
					"DEBUG=1",
					"$(inherited)",
				);
				GCC_WARN_64_TO_32_BIT_CONVERSION = YES;
				GCC_WARN_ABOUT_RETURN_TYPE = YES_ERROR;
				GCC_WARN_UNDECLARED_SELECTOR = YES;
				GCC_WARN_UNINITIALIZED_AUTOS = YES_AGGRESSIVE;
				GCC_WARN_UNUSED_FUNCTION = YES;
				GCC_WARN_UNUSED_VARIABLE = YES;
				MACOSX_DEPLOYMENT_TARGET = 13.0;
				MTL_ENABLE_DEBUG_INFO = INCLUDE_SOURCE;
				MTL_FAST_MATH = YES;
				ONLY_ACTIVE_ARCH = YES;
				SDKROOT = macosx;
			};
			name = Debug;
		};
		911C86E32938C3F4006C1E55 /* Release */ = {
			isa = XCBuildConfiguration;
			buildSettings = {
				ALWAYS_SEARCH_USER_PATHS = NO;
				CLANG_ANALYZER_NONNULL = YES;
				CLANG_ANALYZER_NUMBER_OBJECT_CONVERSION = YES_AGGRESSIVE;
				CLANG_CXX_LANGUAGE_STANDARD = "gnu++20";
				CLANG_ENABLE_MODULES = YES;
				CLANG_ENABLE_OBJC_ARC = YES;
				CLANG_ENABLE_OBJC_WEAK = YES;
				CLANG_WARN_BLOCK_CAPTURE_AUTORELEASING = YES;
				CLANG_WARN_BOOL_CONVERSION = YES;
				CLANG_WARN_COMMA = YES;
				CLANG_WARN_CONSTANT_CONVERSION = YES;
				CLANG_WARN_DEPRECATED_OBJC_IMPLEMENTATIONS = YES;
				CLANG_WARN_DIRECT_OBJC_ISA_USAGE = YES_ERROR;
				CLANG_WARN_DOCUMENTATION_COMMENTS = YES;
				CLANG_WARN_EMPTY_BODY = YES;
				CLANG_WARN_ENUM_CONVERSION = YES;
				CLANG_WARN_INFINITE_RECURSION = YES;
				CLANG_WARN_INT_CONVERSION = YES;
				CLANG_WARN_NON_LITERAL_NULL_CONVERSION = YES;
				CLANG_WARN_OBJC_IMPLICIT_RETAIN_SELF = YES;
				CLANG_WARN_OBJC_LITERAL_CONVERSION = YES;
				CLANG_WARN_OBJC_ROOT_CLASS = YES_ERROR;
				CLANG_WARN_QUOTED_INCLUDE_IN_FRAMEWORK_HEADER = YES;
				CLANG_WARN_RANGE_LOOP_ANALYSIS = YES;
				CLANG_WARN_STRICT_PROTOTYPES = YES;
				CLANG_WARN_SUSPICIOUS_MOVE = YES;
				CLANG_WARN_UNGUARDED_AVAILABILITY = YES_AGGRESSIVE;
				CLANG_WARN_UNREACHABLE_CODE = YES;
				CLANG_WARN__DUPLICATE_METHOD_MATCH = YES;
				COPY_PHASE_STRIP = NO;
				DEBUG_INFORMATION_FORMAT = "dwarf-with-dsym";
				ENABLE_NS_ASSERTIONS = NO;
				ENABLE_STRICT_OBJC_MSGSEND = YES;
				GCC_C_LANGUAGE_STANDARD = gnu11;
				GCC_NO_COMMON_BLOCKS = YES;
				GCC_WARN_64_TO_32_BIT_CONVERSION = YES;
				GCC_WARN_ABOUT_RETURN_TYPE = YES_ERROR;
				GCC_WARN_UNDECLARED_SELECTOR = YES;
				GCC_WARN_UNINITIALIZED_AUTOS = YES_AGGRESSIVE;
				GCC_WARN_UNUSED_FUNCTION = YES;
				GCC_WARN_UNUSED_VARIABLE = YES;
				MACOSX_DEPLOYMENT_TARGET = 13.0;
				MTL_ENABLE_DEBUG_INFO = NO;
				MTL_FAST_MATH = YES;
				SDKROOT = macosx;
			};
			name = Release;
		};
		911C86E52938C3F4006C1E55 /* Debug */ = {
			isa = XCBuildConfiguration;
			buildSettings = {
				CODE_SIGN_STYLE = Automatic;
				PRODUCT_NAME = "$(TARGET_NAME)";
			};
			name = Debug;
		};
		911C86E62938C3F4006C1E55 /* Release */ = {
			isa = XCBuildConfiguration;
			buildSettings = {
				CODE_SIGN_STYLE = Automatic;
				PRODUCT_NAME = "$(TARGET_NAME)";
			};
			name = Release;
		};
/* End XCBuildConfiguration section */

/* Begin XCConfigurationList section */
		911C86D82938C3F4006C1E55 /* Build configuration list for PBXProject "advent_of_code_2022_cpp" */ = {
			isa = XCConfigurationList;
			buildConfigurations = (
				911C86E22938C3F4006C1E55 /* Debug */,
				911C86E32938C3F4006C1E55 /* Release */,
			);
			defaultConfigurationIsVisible = 0;
			defaultConfigurationName = Release;
		};
		911C86E42938C3F4006C1E55 /* Build configuration list for PBXNativeTarget "advent_of_code_2022_cpp" */ = {
			isa = XCConfigurationList;
			buildConfigurations = (
				911C86E52938C3F4006C1E55 /* Debug */,
				911C86E62938C3F4006C1E55 /* Release */,
			);
			defaultConfigurationIsVisible = 0;
			defaultConfigurationName = Release;
		};
/* End XCConfigurationList section */
	};
	rootObject = 911C86D52938C3F4006C1E55 /* Project object */;
}
